
Microsoft Visual Studio Solution File, Format Version 12.00
# Visual Studio Version 17
VisualStudioVersion = 17.14.36915.13 d17.14
MinimumVisualStudioVersion = 10.0.40219.1
Project("{FAE04EC0-301F-11D3-BF4B-00C04F79EFBC}") = "Sevs Better Nametags", "Sevs Better Nametags.csproj", "{8D549008-26CF-FC8D-92C7-DC433B7300F5}"
EndProject
Global
	GlobalSection(SolutionConfigurationPlatforms) = preSolution
		Debug|Any CPU = Debug|Any CPU
		Release|Any CPU = Release|Any CPU
	EndGlobalSection
	GlobalSection(ProjectConfigurationPlatforms) = postSolution
		{8D549008-26CF-FC8D-92C7-DC433B7300F5}.Debug|Any CPU.ActiveCfg = Debug|Any CPU
		{8D549008-26CF-FC8D-92C7-DC433B7300F5}.Debug|Any CPU.Build.0 = Debug|Any CPU
		{8D549008-26CF-FC8D-92C7-DC433B7300F5}.Release|Any CPU.ActiveCfg = Release|Any CPU
		{8D549008-26CF-FC8D-92C7-DC433B7300F5}.Release|Any CPU.Build.0 = Release|Any CPU
	EndGlobalSection
	GlobalSection(SolutionProperties) = preSolution
		HideSolutionNode = FALSE
	EndGlobalSection
	GlobalSection(ExtensibilityGlobals) = postSolution
		SolutionGuid = {46723B00-9E68-4277-87ED-615A9AD037D3}
	EndGlobalSection
EndGlobal
